
Microsoft Visual Studio Solution File, Format Version 12.00
# Visual Studio Version 17
VisualStudioVersion = 17.2.32630.192
MinimumVisualStudioVersion = 10.0.40219.1
Project("{FAE04EC0-301F-11D3-BF4B-00C04F79EFBC}") = "DBWebApp", "DBWebApp.csproj", "{0332361B-42D6-4F1B-A5DC-F5B143778AC4}"
EndProject
Project("{9A19103F-16F7-4668-BE54-9A1E7A4F7556}") = "MovieApp", "..\MovieApp\MovieApp.csproj", "{6BD1E1F2-7666-46F8-B017-75037BD36C7D}"
EndProject
Global
	GlobalSection(SolutionConfigurationPlatforms) = preSolution
		Debug|Any CPU = Debug|Any CPU
		Release|Any CPU = Release|Any CPU
	EndGlobalSection
	GlobalSection(ProjectConfigurationPlatforms) = postSolution
		{0332361B-42D6-4F1B-A5DC-F5B143778AC4}.Debug|Any CPU.ActiveCfg = Debug|Any CPU
		{0332361B-42D6-4F1B-A5DC-F5B143778AC4}.Debug|Any CPU.Build.0 = Debug|Any CPU
		{0332361B-42D6-4F1B-A5DC-F5B143778AC4}.Release|Any CPU.ActiveCfg = Release|Any CPU
		{0332361B-42D6-4F1B-A5DC-F5B143778AC4}.Release|Any CPU.Build.0 = Release|Any CPU
		{6BD1E1F2-7666-46F8-B017-75037BD36C7D}.Debug|Any CPU.ActiveCfg = Debug|Any CPU
		{6BD1E1F2-7666-46F8-B017-75037BD36C7D}.Debug|Any CPU.Build.0 = Debug|Any CPU
		{6BD1E1F2-7666-46F8-B017-75037BD36C7D}.Release|Any CPU.ActiveCfg = Release|Any CPU
		{6BD1E1F2-7666-46F8-B017-75037BD36C7D}.Release|Any CPU.Build.0 = Release|Any CPU
	EndGlobalSection
	GlobalSection(SolutionProperties) = preSolution
		HideSolutionNode = FALSE
	EndGlobalSection
	GlobalSection(ExtensibilityGlobals) = postSolution
		SolutionGuid = {39EF6C95-F78F-425B-8EF0-C9292EC8B9BC}
	EndGlobalSection
EndGlobal
